
Microsoft Visual Studio Solution File, Format Version 12.00
Project("{FAE04EC0-301F-11D3-BF4B-00C04F79EFBC}") = "tefloader", "tefloader.csproj", "{5229A1B8-CEDF-4F1C-86C3-7A55CCE1AF42}"
EndProject
Global
	GlobalSection(SolutionConfigurationPlatforms) = preSolution
		Debug|Any CPU = Debug|Any CPU
		Release|Any CPU = Release|Any CPU
	EndGlobalSection
	GlobalSection(ProjectConfigurationPlatforms) = postSolution
		{5229A1B8-CEDF-4F1C-86C3-7A55CCE1AF42}.Debug|Any CPU.ActiveCfg = Debug|Any CPU
		{5229A1B8-CEDF-4F1C-86C3-7A55CCE1AF42}.Debug|Any CPU.Build.0 = Debug|Any CPU
		{5229A1B8-CEDF-4F1C-86C3-7A55CCE1AF42}.Release|Any CPU.ActiveCfg = Release|Any CPU
		{5229A1B8-CEDF-4F1C-86C3-7A55CCE1AF42}.Release|Any CPU.Build.0 = Release|Any CPU
	EndGlobalSection
EndGlobal
